
Microsoft Visual Studio Solution File, Format Version 12.00
# Visual Studio Version 17
VisualStudioVersion = 17.0.32014.148
MinimumVisualStudioVersion = 10.0.40219.1
Project("{FAE04EC0-301F-11D3-BF4B-00C04F79EFBC}") = "MyAzureApp", "MyAzureApp\MyAzureApp.csproj", "{7CF8DF61-B132-4B5B-BCB5-C849CF75445D}"
EndProject
Global
	GlobalSection(SolutionConfigurationPlatforms) = preSolution
		Debug|Any CPU = Debug|Any CPU
		Release|Any CPU = Release|Any CPU
	EndGlobalSection
	GlobalSection(ProjectConfigurationPlatforms) = postSolution
		{7CF8DF61-B132-4B5B-BCB5-C849CF75445D}.Debug|Any CPU.ActiveCfg = Debug|Any CPU
		{7CF8DF61-B132-4B5B-BCB5-C849CF75445D}.Debug|Any CPU.Build.0 = Debug|Any CPU
		{7CF8DF61-B132-4B5B-BCB5-C849CF75445D}.Release|Any CPU.ActiveCfg = Release|Any CPU
		{7CF8DF61-B132-4B5B-BCB5-C849CF75445D}.Release|Any CPU.Build.0 = Release|Any CPU
	EndGlobalSection
	GlobalSection(SolutionProperties) = preSolution
		HideSolutionNode = FALSE
	EndGlobalSection
	GlobalSection(ExtensibilityGlobals) = postSolution
		SolutionGuid = {3DBACC44-FA0F-4EEA-8122-9C43EF4CEDC1}
	EndGlobalSection
EndGlobal
